
Microsoft Visual Studio Solution File, Format Version 12.00
# Visual Studio Version 17
VisualStudioVersion = 17.8.34330.188
MinimumVisualStudioVersion = 10.0.40219.1
Project("{FAE04EC0-301F-11D3-BF4B-00C04F79EFBC}") = "9_ADONET", "9_ADONET.csproj", "{9675CCA0-6BA4-453F-B1F6-78BA080F7590}"
EndProject
Global
	GlobalSection(SolutionConfigurationPlatforms) = preSolution
		Debug|Any CPU = Debug|Any CPU
		Release|Any CPU = Release|Any CPU
	EndGlobalSection
	GlobalSection(ProjectConfigurationPlatforms) = postSolution
		{9675CCA0-6BA4-453F-B1F6-78BA080F7590}.Debug|Any CPU.ActiveCfg = Debug|Any CPU
		{9675CCA0-6BA4-453F-B1F6-78BA080F7590}.Debug|Any CPU.Build.0 = Debug|Any CPU
		{9675CCA0-6BA4-453F-B1F6-78BA080F7590}.Release|Any CPU.ActiveCfg = Release|Any CPU
		{9675CCA0-6BA4-453F-B1F6-78BA080F7590}.Release|Any CPU.Build.0 = Release|Any CPU
	EndGlobalSection
	GlobalSection(SolutionProperties) = preSolution
		HideSolutionNode = FALSE
	EndGlobalSection
	GlobalSection(ExtensibilityGlobals) = postSolution
		SolutionGuid = {90E44111-24D8-4145-ACFF-9465B272577C}
	EndGlobalSection
EndGlobal
